<?xml version="1.0" encoding="UTF-8"?>
<Scheme LastUpgradeVersion="2700" version="1.3">
   <BuildAction parallelizeBuildables="YES" buildImplicitDependencies="YES">
      <BuildActionEntries>
         <BuildActionEntry buildForTesting="NO" buildForRunning="YES" buildForProfiling="NO" buildForArchiving="NO" buildForAnalyzing="YES">
            <BuildableReference BuildableIdentifier="primary" BlueprintIdentifier="A20000000000000000000004" BuildableName="UreRecoveryHarness" BlueprintName="UreRecoveryHarness" ReferencedContainer="container:Ure.xcodeproj"/>
         </BuildActionEntry>
      </BuildActionEntries>
   </BuildAction>
</Scheme>
